
Microsoft Visual Studio Solution File, Format Version 12.00
Project("{FAE04EC0-301F-11D3-BF4B-00C04F79EFBC}") = "IdentityLib.Tests", "IdentityLib.Tests\IdentityLib.Tests.csproj", "{2D71B201-2849-4E93-BCFE-4F7F7F126CD2}"
EndProject
Project("{FAE04EC0-301F-11D3-BF4B-00C04F79EFBC}") = "IdentityLib", "..\..\IdentityLib\IdentityLib\IdentityLib.csproj", "{5F85538E-D42F-4924-9BA9-6E5A89DA6A76}"
EndProject
Global
	GlobalSection(SolutionConfigurationPlatforms) = preSolution
		Debug|Any CPU = Debug|Any CPU
		Debug|x64 = Debug|x64
		Debug|x86 = Debug|x86
		Release|Any CPU = Release|Any CPU
		Release|x64 = Release|x64
		Release|x86 = Release|x86
	EndGlobalSection
	GlobalSection(ProjectConfigurationPlatforms) = postSolution
		{2D71B201-2849-4E93-BCFE-4F7F7F126CD2}.Debug|Any CPU.ActiveCfg = Debug|Any CPU
		{2D71B201-2849-4E93-BCFE-4F7F7F126CD2}.Debug|Any CPU.Build.0 = Debug|Any CPU
		{2D71B201-2849-4E93-BCFE-4F7F7F126CD2}.Debug|x64.ActiveCfg = Debug|Any CPU
		{2D71B201-2849-4E93-BCFE-4F7F7F126CD2}.Debug|x64.Build.0 = Debug|Any CPU
		{2D71B201-2849-4E93-BCFE-4F7F7F126CD2}.Debug|x86.ActiveCfg = Debug|Any CPU
		{2D71B201-2849-4E93-BCFE-4F7F7F126CD2}.Debug|x86.Build.0 = Debug|Any CPU
		{2D71B201-2849-4E93-BCFE-4F7F7F126CD2}.Release|Any CPU.ActiveCfg = Release|Any CPU
		{2D71B201-2849-4E93-BCFE-4F7F7F126CD2}.Release|Any CPU.Build.0 = Release|Any CPU
		{2D71B201-2849-4E93-BCFE-4F7F7F126CD2}.Release|x64.ActiveCfg = Release|Any CPU
		{2D71B201-2849-4E93-BCFE-4F7F7F126CD2}.Release|x64.Build.0 = Release|Any CPU
		{2D71B201-2849-4E93-BCFE-4F7F7F126CD2}.Release|x86.ActiveCfg = Release|Any CPU
		{2D71B201-2849-4E93-BCFE-4F7F7F126CD2}.Release|x86.Build.0 = Release|Any CPU
		{5F85538E-D42F-4924-9BA9-6E5A89DA6A76}.Debug|Any CPU.ActiveCfg = Debug|Any CPU
		{5F85538E-D42F-4924-9BA9-6E5A89DA6A76}.Debug|Any CPU.Build.0 = Debug|Any CPU
		{5F85538E-D42F-4924-9BA9-6E5A89DA6A76}.Debug|x64.ActiveCfg = Debug|Any CPU
		{5F85538E-D42F-4924-9BA9-6E5A89DA6A76}.Debug|x64.Build.0 = Debug|Any CPU
		{5F85538E-D42F-4924-9BA9-6E5A89DA6A76}.Debug|x86.ActiveCfg = Debug|Any CPU
		{5F85538E-D42F-4924-9BA9-6E5A89DA6A76}.Debug|x86.Build.0 = Debug|Any CPU
		{5F85538E-D42F-4924-9BA9-6E5A89DA6A76}.Release|Any CPU.ActiveCfg = Release|Any CPU
		{5F85538E-D42F-4924-9BA9-6E5A89DA6A76}.Release|Any CPU.Build.0 = Release|Any CPU
		{5F85538E-D42F-4924-9BA9-6E5A89DA6A76}.Release|x64.ActiveCfg = Release|Any CPU
		{5F85538E-D42F-4924-9BA9-6E5A89DA6A76}.Release|x64.Build.0 = Release|Any CPU
		{5F85538E-D42F-4924-9BA9-6E5A89DA6A76}.Release|x86.ActiveCfg = Release|Any CPU
		{5F85538E-D42F-4924-9BA9-6E5A89DA6A76}.Release|x86.Build.0 = Release|Any CPU
	EndGlobalSection
	GlobalSection(SolutionProperties) = preSolution
		HideSolutionNode = FALSE
	EndGlobalSection
EndGlobal
